// !$*UTF8*$!
{
	archiveVersion = 1;
	classes = {
	};
	objectVersion = 56;
	objects = {

/* Begin PBXBuildFile section */
		A6137F132CC6FF3600C2A280 /* MapboxMaps in Frameworks */ = {isa = PBXBuildFile; productRef = A6137F122CC6FF3600C2A280 /* MapboxMaps */; };
		A62509302B74553700E2D3AB /* DemoApp.swift in Sources */ = {isa = PBXBuildFile; fileRef = A625092F2B74553700E2D3AB /* DemoApp.swift */; };
		A62509322B74553700E2D3AB /* ContentView.swift in Sources */ = {isa = PBXBuildFile; fileRef = A62509312B74553700E2D3AB /* ContentView.swift */; };
		A62509382B74553D00E2D3AB /* Preview Assets.xcassets in Resources */ = {isa = PBXBuildFile; fileRef = A62509372B74553D00E2D3AB /* Preview Assets.xcassets */; };
		A6484C442B8699E3008DF0B6 /* MapsGL in Frameworks */ = {isa = PBXBuildFile; productRef = A6484C432B8699E3008DF0B6 /* MapsGL */; };
		A65864342BF40C1E00706D11 /* Assets.xcassets in Resources */ = {isa = PBXBuildFile; fileRef = A62509332B74553D00E2D3AB /* Assets.xcassets */; };
		A6A4A8BD2B7B4E9E00024DE0 /* SwiftUIColorExtensions.swift in Sources */ = {isa = PBXBuildFile; fileRef = A6A4A8BC2B7B4E9E00024DE0 /* SwiftUIColorExtensions.swift */; };
		A6A4A8BF2B7B512B00024DE0 /* SwiftUIFontExtensions.swift in Sources */ = {isa = PBXBuildFile; fileRef = A6A4A8BE2B7B512B00024DE0 /* SwiftUIFontExtensions.swift */; };
		A6A9F41A2B7D7BC80045324A /* CLLocationCoordinate2DExtensions.swift in Sources */ = {isa = PBXBuildFile; fileRef = A6A9F4192B7D7BC80045324A /* CLLocationCoordinate2DExtensions.swift */; };
		A6C78DCC2B745E8C0007F513 /* SidebarView.swift in Sources */ = {isa = PBXBuildFile; fileRef = A6C78DCB2B745E8C0007F513 /* SidebarView.swift */; };
		A6E538062B7AA874007EE086 /* AccessKeys.swift in Sources */ = {isa = PBXBuildFile; fileRef = A6E538052B7AA874007EE086 /* AccessKeys.swift */; };
		A6E538082B7AA891007EE086 /* AccessKeys.plist in Resources */ = {isa = PBXBuildFile; fileRef = A6E538072B7AA887007EE086 /* AccessKeys.plist */; };
		A6E654F32BCDEBBA00AEBE94 /* PrivacyInfo.xcprivacy in Resources */ = {isa = PBXBuildFile; fileRef = A6E654F22BCDEBBA00AEBE94 /* PrivacyInfo.xcprivacy */; };
		A6EBAD3E2B7B23DE00848952 /* WeatherLayersModel.swift in Sources */ = {isa = PBXBuildFile; fileRef = A6EBAD3D2B7B23DD00848952 /* WeatherLayersModel.swift */; };
		A6EBAD402B7B24A000848952 /* RepresentedMapboxMapView.swift in Sources */ = {isa = PBXBuildFile; fileRef = A6EBAD3F2B7B24A000848952 /* RepresentedMapboxMapView.swift */; };
/* End PBXBuildFile section */

/* Begin PBXFileReference section */
		A625092C2B74553700E2D3AB /* Demo.app */ = {isa = PBXFileReference; explicitFileType = wrapper.application; includeInIndex = 0; path = Demo.app; sourceTree = BUILT_PRODUCTS_DIR; };
		A625092F2B74553700E2D3AB /* DemoApp.swift */ = {isa = PBXFileReference; lastKnownFileType = sourcecode.swift; path = DemoApp.swift; sourceTree = "<group>"; };
		A62509312B74553700E2D3AB /* ContentView.swift */ = {isa = PBXFileReference; lastKnownFileType = sourcecode.swift; path = ContentView.swift; sourceTree = "<group>"; };
		A62509332B74553D00E2D3AB /* Assets.xcassets */ = {isa = PBXFileReference; lastKnownFileType = folder.assetcatalog; path = Assets.xcassets; sourceTree = "<group>"; };
		A62509352B74553D00E2D3AB /* Demo.entitlements */ = {isa = PBXFileReference; lastKnownFileType = text.plist.entitlements; path = Demo.entitlements; sourceTree = "<group>"; };
		A62509372B74553D00E2D3AB /* Preview Assets.xcassets */ = {isa = PBXFileReference; lastKnownFileType = folder.assetcatalog; path = "Preview Assets.xcassets"; sourceTree = "<group>"; };
		A62F5C792BB24CDB00939F25 /* Info.plist */ = {isa = PBXFileReference; lastKnownFileType = text.plist; path = Info.plist; sourceTree = "<group>"; };
		A6A4A8BC2B7B4E9E00024DE0 /* SwiftUIColorExtensions.swift */ = {isa = PBXFileReference; lastKnownFileType = sourcecode.swift; path = SwiftUIColorExtensions.swift; sourceTree = "<group>"; };
		A6A4A8BE2B7B512B00024DE0 /* SwiftUIFontExtensions.swift */ = {isa = PBXFileReference; lastKnownFileType = sourcecode.swift; path = SwiftUIFontExtensions.swift; sourceTree = "<group>"; };
		A6A9F4192B7D7BC80045324A /* CLLocationCoordinate2DExtensions.swift */ = {isa = PBXFileReference; lastKnownFileType = sourcecode.swift; path = CLLocationCoordinate2DExtensions.swift; sourceTree = "<group>"; };
		A6C78DCB2B745E8C0007F513 /* SidebarView.swift */ = {isa = PBXFileReference; lastKnownFileType = sourcecode.swift; path = SidebarView.swift; sourceTree = "<group>"; };
		A6E538052B7AA874007EE086 /* AccessKeys.swift */ = {isa = PBXFileReference; lastKnownFileType = sourcecode.swift; path = AccessKeys.swift; sourceTree = "<group>"; };
		A6E538072B7AA887007EE086 /* AccessKeys.plist */ = {isa = PBXFileReference; lastKnownFileType = text.plist.xml; path = AccessKeys.plist; sourceTree = "<group>"; };
		A6E654F22BCDEBBA00AEBE94 /* PrivacyInfo.xcprivacy */ = {isa = PBXFileReference; fileEncoding = 4; lastKnownFileType = text.xml; path = PrivacyInfo.xcprivacy; sourceTree = "<group>"; };
		A6EBAD3D2B7B23DD00848952 /* WeatherLayersModel.swift */ = {isa = PBXFileReference; fileEncoding = 4; lastKnownFileType = sourcecode.swift; path = WeatherLayersModel.swift; sourceTree = "<group>"; };
		A6EBAD3F2B7B24A000848952 /* RepresentedMapboxMapView.swift */ = {isa = PBXFileReference; fileEncoding = 4; lastKnownFileType = sourcecode.swift; path = RepresentedMapboxMapView.swift; sourceTree = "<group>"; };
/* End PBXFileReference section */

/* Begin PBXFrameworksBuildPhase section */
		A62509292B74553700E2D3AB /* Frameworks */ = {
			isa = PBXFrameworksBuildPhase;
			buildActionMask = 2147483647;
			files = (
				A6137F132CC6FF3600C2A280 /* MapboxMaps in Frameworks */,
				A6484C442B8699E3008DF0B6 /* MapsGL in Frameworks */,
			);
			runOnlyForDeploymentPostprocessing = 0;
		};
/* End PBXFrameworksBuildPhase section */

/* Begin PBXGroup section */
		A62509232B74553700E2D3AB = {
			isa = PBXGroup;
			children = (
				A625092E2B74553700E2D3AB /* Demo */,
				A625092D2B74553700E2D3AB /* Products */,
			);
			sourceTree = "<group>";
		};
		A625092D2B74553700E2D3AB /* Products */ = {
			isa = PBXGroup;
			children = (
				A625092C2B74553700E2D3AB /* Demo.app */,
			);
			name = Products;
			sourceTree = "<group>";
		};
		A625092E2B74553700E2D3AB /* Demo */ = {
			isa = PBXGroup;
			children = (
				A62F5C792BB24CDB00939F25 /* Info.plist */,
				A62509352B74553D00E2D3AB /* Demo.entitlements */,
				A6E538072B7AA887007EE086 /* AccessKeys.plist */,
				A6E538052B7AA874007EE086 /* AccessKeys.swift */,
				A6A9F4192B7D7BC80045324A /* CLLocationCoordinate2DExtensions.swift */,
				A62509312B74553700E2D3AB /* ContentView.swift */,
				A625092F2B74553700E2D3AB /* DemoApp.swift */,
				A6EBAD3F2B7B24A000848952 /* RepresentedMapboxMapView.swift */,
				A6C78DCB2B745E8C0007F513 /* SidebarView.swift */,
				A6A4A8BC2B7B4E9E00024DE0 /* SwiftUIColorExtensions.swift */,
				A6A4A8BE2B7B512B00024DE0 /* SwiftUIFontExtensions.swift */,
				A6EBAD3D2B7B23DD00848952 /* WeatherLayersModel.swift */,
				A62509332B74553D00E2D3AB /* Assets.xcassets */,
				A62509362B74553D00E2D3AB /* Preview Content */,
				A6E654F22BCDEBBA00AEBE94 /* PrivacyInfo.xcprivacy */,
			);
			path = Demo;
			sourceTree = "<group>";
		};
		A62509362B74553D00E2D3AB /* Preview Content */ = {
			isa = PBXGroup;
			children = (
				A62509372B74553D00E2D3AB /* Preview Assets.xcassets */,
			);
			path = "Preview Content";
			sourceTree = "<group>";
		};
/* End PBXGroup section */

/* Begin PBXNativeTarget section */
		A625092B2B74553700E2D3AB /* Demo */ = {
			isa = PBXNativeTarget;
			buildConfigurationList = A625093B2B74553D00E2D3AB /* Build configuration list for PBXNativeTarget "Demo" */;
			buildPhases = (
				A6E538102B7B19B5007EE086 /* Create AccessKeys.plist */,
				A62509282B74553700E2D3AB /* Sources */,
				A62509292B74553700E2D3AB /* Frameworks */,
				A625092A2B74553700E2D3AB /* Resources */,
			);
			buildRules = (
			);
			dependencies = (
			);
			name = Demo;
			packageProductDependencies = (
				A6484C432B8699E3008DF0B6 /* MapsGL */,
				A6137F122CC6FF3600C2A280 /* MapboxMaps */,
			);
			productName = Demo;
			productReference = A625092C2B74553700E2D3AB /* Demo.app */;
			productType = "com.apple.product-type.application";
		};
/* End PBXNativeTarget section */

/* Begin PBXProject section */
		A62509242B74553700E2D3AB /* Project object */ = {
			isa = PBXProject;
			attributes = {
				BuildIndependentTargetsInParallel = 1;
				LastSwiftUpdateCheck = 1530;
				LastUpgradeCheck = 1530;
				TargetAttributes = {
					A625092B2B74553700E2D3AB = {
						CreatedOnToolsVersion = 15.3;
					};
				};
			};
			buildConfigurationList = A62509272B74553700E2D3AB /* Build configuration list for PBXProject "Demo" */;
			compatibilityVersion = "Xcode 14.0";
			developmentRegion = en;
			hasScannedForEncodings = 0;
			knownRegions = (
				en,
				Base,
			);
			mainGroup = A62509232B74553700E2D3AB;
			packageReferences = (
				A6484C422B8699E3008DF0B6 /* XCRemoteSwiftPackageReference "mapsgl-apple-sdk" */,
				A6137F112CC6FF3600C2A280 /* XCRemoteSwiftPackageReference "mapbox-maps-ios" */,
			);
			productRefGroup = A625092D2B74553700E2D3AB /* Products */;
			projectDirPath = "";
			projectRoot = "";
			targets = (
				A625092B2B74553700E2D3AB /* Demo */,
			);
		};
/* End PBXProject section */

/* Begin PBXResourcesBuildPhase section */
		A625092A2B74553700E2D3AB /* Resources */ = {
			isa = PBXResourcesBuildPhase;
			buildActionMask = 2147483647;
			files = (
				A6E538082B7AA891007EE086 /* AccessKeys.plist in Resources */,
				A62509382B74553D00E2D3AB /* Preview Assets.xcassets in Resources */,
				A65864342BF40C1E00706D11 /* Assets.xcassets in Resources */,
				A6E654F32BCDEBBA00AEBE94 /* PrivacyInfo.xcprivacy in Resources */,
			);
			runOnlyForDeploymentPostprocessing = 0;
		};
/* End PBXResourcesBuildPhase section */

/* Begin PBXShellScriptBuildPhase section */
		A6E538102B7B19B5007EE086 /* Create AccessKeys.plist */ = {
			isa = PBXShellScriptBuildPhase;
			buildActionMask = 2147483647;
			files = (
			);
			inputFileListPaths = (
			);
			inputPaths = (
				"$(SRCROOT)/Demo/AccessKeys-Sample.plist",
			);
			name = "Create AccessKeys.plist";
			outputFileListPaths = (
			);
			outputPaths = (
				"$(SRCROOT)/Demo/AccessKeys.plist",
			);
			runOnlyForDeploymentPostprocessing = 0;
			shellPath = /bin/sh;
			shellScript = "CONFIG_FILE_BASE_NAME=\"AccessKeys\"\n\nCONFIG_FILE_NAME=${CONFIG_FILE_BASE_NAME}.plist\nSAMPLE_CONFIG_FILE_NAME=${CONFIG_FILE_BASE_NAME}-Sample.plist\n\nCONFIG_FILE_PATH=$SRCROOT/$PRODUCT_NAME/$CONFIG_FILE_NAME\nSAMPLE_CONFIG_FILE_PATH=$SRCROOT/$PRODUCT_NAME/$SAMPLE_CONFIG_FILE_NAME\n\nif [ -f \"$CONFIG_FILE_PATH\" ]; then\n  echo \"$CONFIG_FILE_PATH exists.\"\nelse\n  echo \"$CONFIG_FILE_PATH does not exist, copying sample\"\n  cp -v \"${SAMPLE_CONFIG_FILE_PATH}\" \"${CONFIG_FILE_PATH}\"\nfi\n";
		};
/* End PBXShellScriptBuildPhase section */

/* Begin PBXSourcesBuildPhase section */
		A62509282B74553700E2D3AB /* Sources */ = {
			isa = PBXSourcesBuildPhase;
			buildActionMask = 2147483647;
			files = (
				A6A4A8BF2B7B512B00024DE0 /* SwiftUIFontExtensions.swift in Sources */,
				A6C78DCC2B745E8C0007F513 /* SidebarView.swift in Sources */,
				A6E538062B7AA874007EE086 /* AccessKeys.swift in Sources */,
				A62509322B74553700E2D3AB /* ContentView.swift in Sources */,
				A6EBAD3E2B7B23DE00848952 /* WeatherLayersModel.swift in Sources */,
				A6A4A8BD2B7B4E9E00024DE0 /* SwiftUIColorExtensions.swift in Sources */,
				A6EBAD402B7B24A000848952 /* RepresentedMapboxMapView.swift in Sources */,
				A6A9F41A2B7D7BC80045324A /* CLLocationCoordinate2DExtensions.swift in Sources */,
				A62509302B74553700E2D3AB /* DemoApp.swift in Sources */,
			);
			runOnlyForDeploymentPostprocessing = 0;
		};
/* End PBXSourcesBuildPhase section */

/* Begin XCBuildConfiguration section */
		A62509392B74553D00E2D3AB /* Debug */ = {
			isa = XCBuildConfiguration;
			buildSettings = {
				ALLOW_TARGET_PLATFORM_SPECIALIZATION = YES;
				ALWAYS_SEARCH_USER_PATHS = NO;
				ASSETCATALOG_COMPILER_GENERATE_SWIFT_ASSET_SYMBOL_EXTENSIONS = YES;
				CLANG_ANALYZER_NONNULL = YES;
				CLANG_ANALYZER_NUMBER_OBJECT_CONVERSION = YES_AGGRESSIVE;
				CLANG_CXX_LANGUAGE_STANDARD = "gnu++20";
				CLANG_ENABLE_MODULES = YES;
				CLANG_ENABLE_OBJC_ARC = YES;
				CLANG_ENABLE_OBJC_WEAK = YES;
				CLANG_WARN_BLOCK_CAPTURE_AUTORELEASING = YES;
				CLANG_WARN_BOOL_CONVERSION = YES;
				CLANG_WARN_COMMA = YES;
				CLANG_WARN_CONSTANT_CONVERSION = YES;
				CLANG_WARN_DEPRECATED_OBJC_IMPLEMENTATIONS = YES;
				CLANG_WARN_DIRECT_OBJC_ISA_USAGE = YES_ERROR;
				CLANG_WARN_DOCUMENTATION_COMMENTS = YES;
				CLANG_WARN_EMPTY_BODY = YES;
				CLANG_WARN_ENUM_CONVERSION = YES;
				CLANG_WARN_INFINITE_RECURSION = YES;
				CLANG_WARN_INT_CONVERSION = YES;
				CLANG_WARN_NON_LITERAL_NULL_CONVERSION = YES;
				CLANG_WARN_OBJC_IMPLICIT_RETAIN_SELF = YES;
				CLANG_WARN_OBJC_LITERAL_CONVERSION = YES;
				CLANG_WARN_OBJC_ROOT_CLASS = YES_ERROR;
				CLANG_WARN_QUOTED_INCLUDE_IN_FRAMEWORK_HEADER = YES;
				CLANG_WARN_RANGE_LOOP_ANALYSIS = YES;
				CLANG_WARN_STRICT_PROTOTYPES = YES;
				CLANG_WARN_SUSPICIOUS_MOVE = YES;
				CLANG_WARN_UNGUARDED_AVAILABILITY = YES_AGGRESSIVE;
				CLANG_WARN_UNREACHABLE_CODE = YES;
				CLANG_WARN__DUPLICATE_METHOD_MATCH = YES;
				COPY_PHASE_STRIP = NO;
				DEBUG_INFORMATION_FORMAT = dwarf;
				ENABLE_STRICT_OBJC_MSGSEND = YES;
				ENABLE_TESTABILITY = YES;
				ENABLE_USER_SCRIPT_SANDBOXING = YES;
				GCC_C_LANGUAGE_STANDARD = gnu17;
				GCC_DYNAMIC_NO_PIC = NO;
				GCC_NO_COMMON_BLOCKS = YES;
				GCC_OPTIMIZATION_LEVEL = 0;
				GCC_PREPROCESSOR_DEFINITIONS = (
					"DEBUG=1",
					"$(inherited)",
				);
				GCC_WARN_64_TO_32_BIT_CONVERSION = YES;
				GCC_WARN_ABOUT_RETURN_TYPE = YES_ERROR;
				GCC_WARN_UNDECLARED_SELECTOR = YES;
				GCC_WARN_UNINITIALIZED_AUTOS = YES_AGGRESSIVE;
				GCC_WARN_UNUSED_FUNCTION = YES;
				GCC_WARN_UNUSED_VARIABLE = YES;
				LOCALIZATION_PREFERS_STRING_CATALOGS = YES;
				MTL_ENABLE_DEBUG_INFO = INCLUDE_SOURCE;
				MTL_FAST_MATH = YES;
				ONLY_ACTIVE_ARCH = YES;
				SUPPORTED_PLATFORMS = "xrsimulator xros macosx iphonesimulator iphoneos";
				SUPPORTS_MACCATALYST = YES;
				SWIFT_ACTIVE_COMPILATION_CONDITIONS = "DEBUG $(inherited)";
				SWIFT_OPTIMIZATION_LEVEL = "-Onone";
			};
			name = Debug;
		};
		A625093A2B74553D00E2D3AB /* Release */ = {
			isa = XCBuildConfiguration;
			buildSettings = {
				ALLOW_TARGET_PLATFORM_SPECIALIZATION = YES;
				ALWAYS_SEARCH_USER_PATHS = NO;
				ASSETCATALOG_COMPILER_GENERATE_SWIFT_ASSET_SYMBOL_EXTENSIONS = YES;
				CLANG_ANALYZER_NONNULL = YES;
				CLANG_ANALYZER_NUMBER_OBJECT_CONVERSION = YES_AGGRESSIVE;
				CLANG_CXX_LANGUAGE_STANDARD = "gnu++20";
				CLANG_ENABLE_MODULES = YES;
				CLANG_ENABLE_OBJC_ARC = YES;
				CLANG_ENABLE_OBJC_WEAK = YES;
				CLANG_WARN_BLOCK_CAPTURE_AUTORELEASING = YES;
				CLANG_WARN_BOOL_CONVERSION = YES;
				CLANG_WARN_COMMA = YES;
				CLANG_WARN_CONSTANT_CONVERSION = YES;
				CLANG_WARN_DEPRECATED_OBJC_IMPLEMENTATIONS = YES;
				CLANG_WARN_DIRECT_OBJC_ISA_USAGE = YES_ERROR;
				CLANG_WARN_DOCUMENTATION_COMMENTS = YES;
				CLANG_WARN_EMPTY_BODY = YES;
				CLANG_WARN_ENUM_CONVERSION = YES;
				CLANG_WARN_INFINITE_RECURSION = YES;
				CLANG_WARN_INT_CONVERSION = YES;
				CLANG_WARN_NON_LITERAL_NULL_CONVERSION = YES;
				CLANG_WARN_OBJC_IMPLICIT_RETAIN_SELF = YES;
				CLANG_WARN_OBJC_LITERAL_CONVERSION = YES;
				CLANG_WARN_OBJC_ROOT_CLASS = YES_ERROR;
				CLANG_WARN_QUOTED_INCLUDE_IN_FRAMEWORK_HEADER = YES;
				CLANG_WARN_RANGE_LOOP_ANALYSIS = YES;
				CLANG_WARN_STRICT_PROTOTYPES = YES;
				CLANG_WARN_SUSPICIOUS_MOVE = YES;
				CLANG_WARN_UNGUARDED_AVAILABILITY = YES_AGGRESSIVE;
				CLANG_WARN_UNREACHABLE_CODE = YES;
				CLANG_WARN__DUPLICATE_METHOD_MATCH = YES;
				COPY_PHASE_STRIP = NO;
				DEBUG_INFORMATION_FORMAT = "dwarf-with-dsym";
				ENABLE_NS_ASSERTIONS = NO;
				ENABLE_STRICT_OBJC_MSGSEND = YES;
				ENABLE_USER_SCRIPT_SANDBOXING = YES;
				GCC_C_LANGUAGE_STANDARD = gnu17;
				GCC_NO_COMMON_BLOCKS = YES;
				GCC_WARN_64_TO_32_BIT_CONVERSION = YES;
				GCC_WARN_ABOUT_RETURN_TYPE = YES_ERROR;
				GCC_WARN_UNDECLARED_SELECTOR = YES;
				GCC_WARN_UNINITIALIZED_AUTOS = YES_AGGRESSIVE;
				GCC_WARN_UNUSED_FUNCTION = YES;
				GCC_WARN_UNUSED_VARIABLE = YES;
				LOCALIZATION_PREFERS_STRING_CATALOGS = YES;
				MTL_ENABLE_DEBUG_INFO = NO;
				MTL_FAST_MATH = YES;
				SUPPORTED_PLATFORMS = "xrsimulator xros macosx iphonesimulator iphoneos";
				SUPPORTS_MACCATALYST = YES;
				SWIFT_COMPILATION_MODE = wholemodule;
			};
			name = Release;
		};
		A625093C2B74553D00E2D3AB /* Debug */ = {
			isa = XCBuildConfiguration;
			buildSettings = {
				ASSETCATALOG_COMPILER_APPICON_NAME = AppIcon;
				ASSETCATALOG_COMPILER_GLOBAL_ACCENT_COLOR_NAME = AccentColor;
				CODE_SIGN_ENTITLEMENTS = Demo/Demo.entitlements;
				CODE_SIGN_STYLE = Automatic;
				CURRENT_PROJECT_VERSION = 9;
				DEVELOPMENT_ASSET_PATHS = "\"Demo/Preview Content\"";
				DEVELOPMENT_TEAM = 93U64PEERG;
				ENABLE_HARDENED_RUNTIME = YES;
				ENABLE_PREVIEWS = YES;
				GENERATE_INFOPLIST_FILE = YES;
				INFOPLIST_FILE = Demo/Info.plist;
				INFOPLIST_KEY_CFBundleDisplayName = "MapsGL Demo";
				"INFOPLIST_KEY_UIApplicationSceneManifest_Generation[sdk=iphoneos*]" = YES;
				"INFOPLIST_KEY_UIApplicationSceneManifest_Generation[sdk=iphonesimulator*]" = YES;
				"INFOPLIST_KEY_UIApplicationSupportsIndirectInputEvents[sdk=iphoneos*]" = YES;
				"INFOPLIST_KEY_UIApplicationSupportsIndirectInputEvents[sdk=iphonesimulator*]" = YES;
				"INFOPLIST_KEY_UILaunchScreen_Generation[sdk=iphoneos*]" = YES;
				"INFOPLIST_KEY_UILaunchScreen_Generation[sdk=iphonesimulator*]" = YES;
				"INFOPLIST_KEY_UIStatusBarStyle[sdk=iphoneos*]" = UIStatusBarStyleDefault;
				"INFOPLIST_KEY_UIStatusBarStyle[sdk=iphonesimulator*]" = UIStatusBarStyleDefault;
				INFOPLIST_KEY_UISupportedInterfaceOrientations_iPad = "UIInterfaceOrientationPortrait UIInterfaceOrientationPortraitUpsideDown UIInterfaceOrientationLandscapeLeft UIInterfaceOrientationLandscapeRight";
				INFOPLIST_KEY_UISupportedInterfaceOrientations_iPhone = "UIInterfaceOrientationPortrait UIInterfaceOrientationLandscapeLeft UIInterfaceOrientationLandscapeRight";
				IPHONEOS_DEPLOYMENT_TARGET = 16.0;
				LD_RUNPATH_SEARCH_PATHS = "@executable_path/Frameworks";
				"LD_RUNPATH_SEARCH_PATHS[sdk=macosx*]" = "@executable_path/../Frameworks";
				MACOSX_DEPLOYMENT_TARGET = 14.3;
				MARKETING_VERSION = 1.0.2;
				PRODUCT_BUNDLE_IDENTIFIER = "com.xweather.${DEVELOPMENT_TEAM}.MapsGLDemo";
				PRODUCT_NAME = "$(TARGET_NAME)";
				SDKROOT = auto;
				SUPPORTED_PLATFORMS = "iphoneos iphonesimulator xros xrsimulator";
				SUPPORTS_MACCATALYST = NO;
				SUPPORTS_MAC_DESIGNED_FOR_IPHONE_IPAD = YES;
				SWIFT_EMIT_LOC_STRINGS = YES;
				SWIFT_VERSION = 5.0;
				TARGETED_DEVICE_FAMILY = "1,2,7";
				VERSIONING_SYSTEM = "apple-generic";
				XROS_DEPLOYMENT_TARGET = 1.0;
			};
			name = Debug;
		};
		A625093D2B74553D00E2D3AB /* Release */ = {
			isa = XCBuildConfiguration;
			buildSettings = {
				ASSETCATALOG_COMPILER_APPICON_NAME = AppIcon;
				ASSETCATALOG_COMPILER_GLOBAL_ACCENT_COLOR_NAME = AccentColor;
				CODE_SIGN_ENTITLEMENTS = Demo/Demo.entitlements;
				CODE_SIGN_STYLE = Automatic;
				CURRENT_PROJECT_VERSION = 9;
				DEVELOPMENT_ASSET_PATHS = "\"Demo/Preview Content\"";
				DEVELOPMENT_TEAM = 93U64PEERG;
				ENABLE_HARDENED_RUNTIME = YES;
				ENABLE_PREVIEWS = YES;
				GENERATE_INFOPLIST_FILE = YES;
				INFOPLIST_FILE = Demo/Info.plist;
				INFOPLIST_KEY_CFBundleDisplayName = "MapsGL Demo";
				"INFOPLIST_KEY_UIApplicationSceneManifest_Generation[sdk=iphoneos*]" = YES;
				"INFOPLIST_KEY_UIApplicationSceneManifest_Generation[sdk=iphonesimulator*]" = YES;
				"INFOPLIST_KEY_UIApplicationSupportsIndirectInputEvents[sdk=iphoneos*]" = YES;
				"INFOPLIST_KEY_UIApplicationSupportsIndirectInputEvents[sdk=iphonesimulator*]" = YES;
				"INFOPLIST_KEY_UILaunchScreen_Generation[sdk=iphoneos*]" = YES;
				"INFOPLIST_KEY_UILaunchScreen_Generation[sdk=iphonesimulator*]" = YES;
				"INFOPLIST_KEY_UIStatusBarStyle[sdk=iphoneos*]" = UIStatusBarStyleDefault;
				"INFOPLIST_KEY_UIStatusBarStyle[sdk=iphonesimulator*]" = UIStatusBarStyleDefault;
				INFOPLIST_KEY_UISupportedInterfaceOrientations_iPad = "UIInterfaceOrientationPortrait UIInterfaceOrientationPortraitUpsideDown UIInterfaceOrientationLandscapeLeft UIInterfaceOrientationLandscapeRight";
				INFOPLIST_KEY_UISupportedInterfaceOrientations_iPhone = "UIInterfaceOrientationPortrait UIInterfaceOrientationLandscapeLeft UIInterfaceOrientationLandscapeRight";
				IPHONEOS_DEPLOYMENT_TARGET = 16.0;
				LD_RUNPATH_SEARCH_PATHS = "@executable_path/Frameworks";
				"LD_RUNPATH_SEARCH_PATHS[sdk=macosx*]" = "@executable_path/../Frameworks";
				MACOSX_DEPLOYMENT_TARGET = 14.3;
				MARKETING_VERSION = 1.0.2;
				PRODUCT_BUNDLE_IDENTIFIER = "com.xweather.${DEVELOPMENT_TEAM}.MapsGLDemo";
				PRODUCT_NAME = "$(TARGET_NAME)";
				SDKROOT = auto;
				SUPPORTED_PLATFORMS = "iphoneos iphonesimulator xros xrsimulator";
				SUPPORTS_MACCATALYST = NO;
				SUPPORTS_MAC_DESIGNED_FOR_IPHONE_IPAD = YES;
				SWIFT_EMIT_LOC_STRINGS = YES;
				SWIFT_VERSION = 5.0;
				TARGETED_DEVICE_FAMILY = "1,2,7";
				VERSIONING_SYSTEM = "apple-generic";
				XROS_DEPLOYMENT_TARGET = 1.0;
			};
			name = Release;
		};
/* End XCBuildConfiguration section */

/* Begin XCConfigurationList section */
		A62509272B74553700E2D3AB /* Build configuration list for PBXProject "Demo" */ = {
			isa = XCConfigurationList;
			buildConfigurations = (
				A62509392B74553D00E2D3AB /* Debug */,
				A625093A2B74553D00E2D3AB /* Release */,
			);
			defaultConfigurationIsVisible = 0;
			defaultConfigurationName = Release;
		};
		A625093B2B74553D00E2D3AB /* Build configuration list for PBXNativeTarget "Demo" */ = {
			isa = XCConfigurationList;
			buildConfigurations = (
				A625093C2B74553D00E2D3AB /* Debug */,
				A625093D2B74553D00E2D3AB /* Release */,
			);
			defaultConfigurationIsVisible = 0;
			defaultConfigurationName = Release;
		};
/* End XCConfigurationList section */

/* Begin XCRemoteSwiftPackageReference section */
		A6137F112CC6FF3600C2A280 /* XCRemoteSwiftPackageReference "mapbox-maps-ios" */ = {
			isa = XCRemoteSwiftPackageReference;
			repositoryURL = "https://github.com/mapbox/mapbox-maps-ios";
			requirement = {
				kind = exactVersion;
				version = 11.4.0;
			};
		};
		A6484C422B8699E3008DF0B6 /* XCRemoteSwiftPackageReference "mapsgl-apple-sdk" */ = {
			isa = XCRemoteSwiftPackageReference;
			repositoryURL = "https://github.com/vaisala-xweather/mapsgl-apple-sdk";
			requirement = {
				kind = upToNextMajorVersion;
				minimumVersion = 1.0.2;
			};
		};
/* End XCRemoteSwiftPackageReference section */

/* Begin XCSwiftPackageProductDependency section */
		A6137F122CC6FF3600C2A280 /* MapboxMaps */ = {
			isa = XCSwiftPackageProductDependency;
			package = A6137F112CC6FF3600C2A280 /* XCRemoteSwiftPackageReference "mapbox-maps-ios" */;
			productName = MapboxMaps;
		};
		A6484C432B8699E3008DF0B6 /* MapsGL */ = {
			isa = XCSwiftPackageProductDependency;
			package = A6484C422B8699E3008DF0B6 /* XCRemoteSwiftPackageReference "mapsgl-apple-sdk" */;
			productName = MapsGL;
		};
/* End XCSwiftPackageProductDependency section */
	};
	rootObject = A62509242B74553700E2D3AB /* Project object */;
}
